
Microsoft Visual Studio Solution File, Format Version 12.00
# Visual Studio Version 16
VisualStudioVersion = 16.0.30804.86
MinimumVisualStudioVersion = 10.0.40219.1
Project("{FAE04EC0-301F-11D3-BF4B-00C04F79EFBC}") = "Core_WebAPP", "Core_WebAPP\Core_WebAPP.csproj", "{C3383D10-33E1-4A4C-B120-E92DD7A2A215}"
EndProject
Global
	GlobalSection(SolutionConfigurationPlatforms) = preSolution
		Debug|Any CPU = Debug|Any CPU
		Release|Any CPU = Release|Any CPU
	EndGlobalSection
	GlobalSection(ProjectConfigurationPlatforms) = postSolution
		{C3383D10-33E1-4A4C-B120-E92DD7A2A215}.Debug|Any CPU.ActiveCfg = Debug|Any CPU
		{C3383D10-33E1-4A4C-B120-E92DD7A2A215}.Debug|Any CPU.Build.0 = Debug|Any CPU
		{C3383D10-33E1-4A4C-B120-E92DD7A2A215}.Release|Any CPU.ActiveCfg = Release|Any CPU
		{C3383D10-33E1-4A4C-B120-E92DD7A2A215}.Release|Any CPU.Build.0 = Release|Any CPU
	EndGlobalSection
	GlobalSection(SolutionProperties) = preSolution
		HideSolutionNode = FALSE
	EndGlobalSection
	GlobalSection(ExtensibilityGlobals) = postSolution
		SolutionGuid = {C39A174B-88BE-47BE-B7A8-C8023D41A0A4}
	EndGlobalSection
EndGlobal
